
Microsoft Visual Studio Solution File, Format Version 12.00
# Visual Studio Version 17
VisualStudioVersion = 17.11.35303.130
MinimumVisualStudioVersion = 10.0.40219.1
Project("{9A19103F-16F7-4668-BE54-9A1E7A4F7556}") = "auth", "auth.csproj", "{A91732F1-BFFD-40AE-8094-9AFBF549EE03}"
EndProject
Global
	GlobalSection(SolutionConfigurationPlatforms) = preSolution
		Debug|Any CPU = Debug|Any CPU
		Release|Any CPU = Release|Any CPU
	EndGlobalSection
	GlobalSection(ProjectConfigurationPlatforms) = postSolution
		{A91732F1-BFFD-40AE-8094-9AFBF549EE03}.Debug|Any CPU.ActiveCfg = Debug|Any CPU
		{A91732F1-BFFD-40AE-8094-9AFBF549EE03}.Debug|Any CPU.Build.0 = Debug|Any CPU
		{A91732F1-BFFD-40AE-8094-9AFBF549EE03}.Release|Any CPU.ActiveCfg = Release|Any CPU
		{A91732F1-BFFD-40AE-8094-9AFBF549EE03}.Release|Any CPU.Build.0 = Release|Any CPU
	EndGlobalSection
	GlobalSection(SolutionProperties) = preSolution
		HideSolutionNode = FALSE
	EndGlobalSection
	GlobalSection(ExtensibilityGlobals) = postSolution
		SolutionGuid = {2F7A2A39-7869-4D04-A061-2E618932CAA8}
	EndGlobalSection
EndGlobal
